
Microsoft Visual Studio Solution File, Format Version 12.00
# Visual Studio Version 16
VisualStudioVersion = 16.0.30711.63
MinimumVisualStudioVersion = 10.0.40219.1
Project("{FAE04EC0-301F-11D3-BF4B-00C04F79EFBC}") = "lab9", "lab9\lab9.csproj", "{9FCAFC5B-1C7C-40FA-9445-04A84B20998B}"
EndProject
Global
	GlobalSection(SolutionConfigurationPlatforms) = preSolution
		Debug|Any CPU = Debug|Any CPU
		Release|Any CPU = Release|Any CPU
	EndGlobalSection
	GlobalSection(ProjectConfigurationPlatforms) = postSolution
		{9FCAFC5B-1C7C-40FA-9445-04A84B20998B}.Debug|Any CPU.ActiveCfg = Debug|Any CPU
		{9FCAFC5B-1C7C-40FA-9445-04A84B20998B}.Debug|Any CPU.Build.0 = Debug|Any CPU
		{9FCAFC5B-1C7C-40FA-9445-04A84B20998B}.Release|Any CPU.ActiveCfg = Release|Any CPU
		{9FCAFC5B-1C7C-40FA-9445-04A84B20998B}.Release|Any CPU.Build.0 = Release|Any CPU
	EndGlobalSection
	GlobalSection(SolutionProperties) = preSolution
		HideSolutionNode = FALSE
	EndGlobalSection
	GlobalSection(ExtensibilityGlobals) = postSolution
		SolutionGuid = {35868963-4A18-400D-8270-C4DBBAC274AD}
	EndGlobalSection
EndGlobal
