
Microsoft Visual Studio Solution File, Format Version 12.00
# Visual Studio Version 16
VisualStudioVersion = 16.0.30413.136
MinimumVisualStudioVersion = 10.0.40219.1
Project("{FAE04EC0-301F-11D3-BF4B-00C04F79EFBC}") = "lab7", "lab7\lab7.csproj", "{BED94199-8E52-436F-A3EB-2907BD5C5C67}"
EndProject
Global
	GlobalSection(SolutionConfigurationPlatforms) = preSolution
		Debug|Any CPU = Debug|Any CPU
		Release|Any CPU = Release|Any CPU
	EndGlobalSection
	GlobalSection(ProjectConfigurationPlatforms) = postSolution
		{BED94199-8E52-436F-A3EB-2907BD5C5C67}.Debug|Any CPU.ActiveCfg = Debug|Any CPU
		{BED94199-8E52-436F-A3EB-2907BD5C5C67}.Debug|Any CPU.Build.0 = Debug|Any CPU
		{BED94199-8E52-436F-A3EB-2907BD5C5C67}.Release|Any CPU.ActiveCfg = Release|Any CPU
		{BED94199-8E52-436F-A3EB-2907BD5C5C67}.Release|Any CPU.Build.0 = Release|Any CPU
	EndGlobalSection
	GlobalSection(SolutionProperties) = preSolution
		HideSolutionNode = FALSE
	EndGlobalSection
	GlobalSection(ExtensibilityGlobals) = postSolution
		SolutionGuid = {4ED6E5D4-9385-4E9D-A61F-92BD1BB0BC9A}
	EndGlobalSection
EndGlobal
